
Microsoft Visual Studio Solution File, Format Version 12.00
# Visual Studio Version 17
VisualStudioVersion = 17.3.32811.315
MinimumVisualStudioVersion = 10.0.40219.1
Project("{FAE04EC0-301F-11D3-BF4B-00C04F79EFBC}") = "Day21MoodAnlayazer", "Day21MoodAnlayazer.csproj", "{F5102CF4-4587-4883-924B-34A6A07B2100}"
EndProject
Project("{FAE04EC0-301F-11D3-BF4B-00C04F79EFBC}") = "Tests", "..\Tests\Tests.csproj", "{F5F0B12C-3A4A-4982-9FC8-109E55709D49}"
EndProject
Global
	GlobalSection(SolutionConfigurationPlatforms) = preSolution
		Debug|Any CPU = Debug|Any CPU
		Release|Any CPU = Release|Any CPU
	EndGlobalSection
	GlobalSection(ProjectConfigurationPlatforms) = postSolution
		{F5102CF4-4587-4883-924B-34A6A07B2100}.Debug|Any CPU.ActiveCfg = Debug|Any CPU
		{F5102CF4-4587-4883-924B-34A6A07B2100}.Debug|Any CPU.Build.0 = Debug|Any CPU
		{F5102CF4-4587-4883-924B-34A6A07B2100}.Release|Any CPU.ActiveCfg = Release|Any CPU
		{F5102CF4-4587-4883-924B-34A6A07B2100}.Release|Any CPU.Build.0 = Release|Any CPU
		{F5F0B12C-3A4A-4982-9FC8-109E55709D49}.Debug|Any CPU.ActiveCfg = Debug|Any CPU
		{F5F0B12C-3A4A-4982-9FC8-109E55709D49}.Debug|Any CPU.Build.0 = Debug|Any CPU
		{F5F0B12C-3A4A-4982-9FC8-109E55709D49}.Release|Any CPU.ActiveCfg = Release|Any CPU
		{F5F0B12C-3A4A-4982-9FC8-109E55709D49}.Release|Any CPU.Build.0 = Release|Any CPU
	EndGlobalSection
	GlobalSection(SolutionProperties) = preSolution
		HideSolutionNode = FALSE
	EndGlobalSection
	GlobalSection(ExtensibilityGlobals) = postSolution
		SolutionGuid = {8D7A75E6-A46C-4AE3-B330-FB94D920D6B0}
	EndGlobalSection
EndGlobal
